
Microsoft Visual Studio Solution File, Format Version 12.00
# Visual Studio 15
VisualStudioVersion = 15.0.28307.421
MinimumVisualStudioVersion = 10.0.40219.1
Project("{FAE04EC0-301F-11D3-BF4B-00C04F79EFBC}") = "PrismSample", "PrismSample\PrismSample.csproj", "{4027C4E6-8606-440B-BA09-F9BF5623D438}"
EndProject
Project("{9A19103F-16F7-4668-BE54-9A1E7A4F7556}") = "PrismSample.Core", "PrismSample.Core\PrismSample.Core.csproj", "{50775A8D-21AD-4A5F-A428-EF65A9435F1D}"
EndProject
Project("{2150E333-8FDC-42A3-9474-1A3956D46DE8}") = "History", "History", "{46685CB8-F789-40E8-9D0B-680D716A82E4}"
	ProjectSection(SolutionItems) = preProject
		PrismSample_part1.zip = PrismSample_part1.zip
		PrismSample_part2.zip = PrismSample_part2.zip
		PrismSample_part3.zip = PrismSample_part3.zip
		PrismSample_part4.zip = PrismSample_part4.zip
		PrismSample_part5.zip = PrismSample_part5.zip
		PrismSample_part6.zip = PrismSample_part6.zip
	EndProjectSection
EndProject
Global
	GlobalSection(SolutionConfigurationPlatforms) = preSolution
		Debug|Any CPU = Debug|Any CPU
		Debug|ARM = Debug|ARM
		Debug|x64 = Debug|x64
		Debug|x86 = Debug|x86
		Release|Any CPU = Release|Any CPU
		Release|ARM = Release|ARM
		Release|x64 = Release|x64
		Release|x86 = Release|x86
	EndGlobalSection
	GlobalSection(ProjectConfigurationPlatforms) = postSolution
		{4027C4E6-8606-440B-BA09-F9BF5623D438}.Debug|Any CPU.ActiveCfg = Debug|x86
		{4027C4E6-8606-440B-BA09-F9BF5623D438}.Debug|Any CPU.Build.0 = Debug|x86
		{4027C4E6-8606-440B-BA09-F9BF5623D438}.Debug|Any CPU.Deploy.0 = Debug|x86
		{4027C4E6-8606-440B-BA09-F9BF5623D438}.Debug|ARM.ActiveCfg = Debug|ARM
		{4027C4E6-8606-440B-BA09-F9BF5623D438}.Debug|ARM.Build.0 = Debug|ARM
		{4027C4E6-8606-440B-BA09-F9BF5623D438}.Debug|ARM.Deploy.0 = Debug|ARM
		{4027C4E6-8606-440B-BA09-F9BF5623D438}.Debug|x64.ActiveCfg = Debug|x64
		{4027C4E6-8606-440B-BA09-F9BF5623D438}.Debug|x64.Build.0 = Debug|x64
		{4027C4E6-8606-440B-BA09-F9BF5623D438}.Debug|x64.Deploy.0 = Debug|x64
		{4027C4E6-8606-440B-BA09-F9BF5623D438}.Debug|x86.ActiveCfg = Debug|x86
		{4027C4E6-8606-440B-BA09-F9BF5623D438}.Debug|x86.Build.0 = Debug|x86
		{4027C4E6-8606-440B-BA09-F9BF5623D438}.Debug|x86.Deploy.0 = Debug|x86
		{4027C4E6-8606-440B-BA09-F9BF5623D438}.Release|Any CPU.ActiveCfg = Release|x86
		{4027C4E6-8606-440B-BA09-F9BF5623D438}.Release|ARM.ActiveCfg = Release|ARM
		{4027C4E6-8606-440B-BA09-F9BF5623D438}.Release|ARM.Build.0 = Release|ARM
		{4027C4E6-8606-440B-BA09-F9BF5623D438}.Release|ARM.Deploy.0 = Release|ARM
		{4027C4E6-8606-440B-BA09-F9BF5623D438}.Release|x64.ActiveCfg = Release|x64
		{4027C4E6-8606-440B-BA09-F9BF5623D438}.Release|x64.Build.0 = Release|x64
		{4027C4E6-8606-440B-BA09-F9BF5623D438}.Release|x64.Deploy.0 = Release|x64
		{4027C4E6-8606-440B-BA09-F9BF5623D438}.Release|x86.ActiveCfg = Release|x86
		{4027C4E6-8606-440B-BA09-F9BF5623D438}.Release|x86.Build.0 = Release|x86
		{4027C4E6-8606-440B-BA09-F9BF5623D438}.Release|x86.Deploy.0 = Release|x86
		{50775A8D-21AD-4A5F-A428-EF65A9435F1D}.Debug|Any CPU.ActiveCfg = Debug|Any CPU
		{50775A8D-21AD-4A5F-A428-EF65A9435F1D}.Debug|Any CPU.Build.0 = Debug|Any CPU
		{50775A8D-21AD-4A5F-A428-EF65A9435F1D}.Debug|ARM.ActiveCfg = Debug|Any CPU
		{50775A8D-21AD-4A5F-A428-EF65A9435F1D}.Debug|ARM.Build.0 = Debug|Any CPU
		{50775A8D-21AD-4A5F-A428-EF65A9435F1D}.Debug|x64.ActiveCfg = Debug|Any CPU
		{50775A8D-21AD-4A5F-A428-EF65A9435F1D}.Debug|x64.Build.0 = Debug|Any CPU
		{50775A8D-21AD-4A5F-A428-EF65A9435F1D}.Debug|x86.ActiveCfg = Debug|Any CPU
		{50775A8D-21AD-4A5F-A428-EF65A9435F1D}.Debug|x86.Build.0 = Debug|Any CPU
		{50775A8D-21AD-4A5F-A428-EF65A9435F1D}.Release|Any CPU.ActiveCfg = Release|Any CPU
		{50775A8D-21AD-4A5F-A428-EF65A9435F1D}.Release|Any CPU.Build.0 = Release|Any CPU
		{50775A8D-21AD-4A5F-A428-EF65A9435F1D}.Release|ARM.ActiveCfg = Release|Any CPU
		{50775A8D-21AD-4A5F-A428-EF65A9435F1D}.Release|ARM.Build.0 = Release|Any CPU
		{50775A8D-21AD-4A5F-A428-EF65A9435F1D}.Release|x64.ActiveCfg = Release|Any CPU
		{50775A8D-21AD-4A5F-A428-EF65A9435F1D}.Release|x64.Build.0 = Release|Any CPU
		{50775A8D-21AD-4A5F-A428-EF65A9435F1D}.Release|x86.ActiveCfg = Release|Any CPU
		{50775A8D-21AD-4A5F-A428-EF65A9435F1D}.Release|x86.Build.0 = Release|Any CPU
	EndGlobalSection
	GlobalSection(SolutionProperties) = preSolution
		HideSolutionNode = FALSE
	EndGlobalSection
	GlobalSection(ExtensibilityGlobals) = postSolution
		SolutionGuid = {554B0CA1-BE4F-4686-9D28-3611751F40DB}
	EndGlobalSection
EndGlobal
